Microsoft Visual Studio Solution File, Format Version 12.00
# Visual Studio Version 17
VisualStudioVersion = 17.5.2.0
MinimumVisualStudioVersion = 10.0.40219.1
Project("{FAE04EC0-301F-11D3-BF4B-00C04F79EFBC}") = "MealPrepHelper", "MealPrepHelper.csproj", "{1EB5B5D7-0DE1-E291-90E0-CAD78E43393C}"
EndProject
Global
	GlobalSection(SolutionConfigurationPlatforms) = preSolution
		Debug|Any CPU = Debug|Any CPU
		Release|Any CPU = Release|Any CPU
	EndGlobalSection
	GlobalSection(ProjectConfigurationPlatforms) = postSolution
		{1EB5B5D7-0DE1-E291-90E0-CAD78E43393C}.Debug|Any CPU.ActiveCfg = Debug|Any CPU
		{1EB5B5D7-0DE1-E291-90E0-CAD78E43393C}.Debug|Any CPU.Build.0 = Debug|Any CPU
		{1EB5B5D7-0DE1-E291-90E0-CAD78E43393C}.Release|Any CPU.ActiveCfg = Release|Any CPU
		{1EB5B5D7-0DE1-E291-90E0-CAD78E43393C}.Release|Any CPU.Build.0 = Release|Any CPU
	EndGlobalSection
	GlobalSection(SolutionProperties) = preSolution
		HideSolutionNode = FALSE
	EndGlobalSection
	GlobalSection(ExtensibilityGlobals) = postSolution
		SolutionGuid = {1C9B58F9-ED5F-487A-870D-C6F97663302E}
	EndGlobalSection
EndGlobal
